
Microsoft Visual Studio Solution File, Format Version 12.00
# Visual Studio 15
VisualStudioVersion = 15.0.28307.852
MinimumVisualStudioVersion = 10.0.40219.1
Project("{FAE04EC0-301F-11D3-BF4B-00C04F79EFBC}") = "Official Nuget Package", "Official Nuget Package\Official Nuget Package.csproj", "{70FE0893-3011-44BB-89D5-DE03B6376DF2}"
EndProject
Global
	GlobalSection(SolutionConfigurationPlatforms) = preSolution
		Debug|Any CPU = Debug|Any CPU
		Release|Any CPU = Release|Any CPU
	EndGlobalSection
	GlobalSection(ProjectConfigurationPlatforms) = postSolution
		{70FE0893-3011-44BB-89D5-DE03B6376DF2}.Debug|Any CPU.ActiveCfg = Debug|Any CPU
		{70FE0893-3011-44BB-89D5-DE03B6376DF2}.Debug|Any CPU.Build.0 = Debug|Any CPU
		{70FE0893-3011-44BB-89D5-DE03B6376DF2}.Release|Any CPU.ActiveCfg = Release|Any CPU
		{70FE0893-3011-44BB-89D5-DE03B6376DF2}.Release|Any CPU.Build.0 = Release|Any CPU
	EndGlobalSection
	GlobalSection(SolutionProperties) = preSolution
		HideSolutionNode = FALSE
	EndGlobalSection
	GlobalSection(ExtensibilityGlobals) = postSolution
		SolutionGuid = {C0561DEB-03BE-4277-83C7-BD1344D741B3}
	EndGlobalSection
EndGlobal
